
Microsoft Visual Studio Solution File, Format Version 12.00
# Visual Studio Version 17
VisualStudioVersion = 17.9.34728.123
MinimumVisualStudioVersion = 10.0.40219.1
Project("{FAE04EC0-301F-11D3-BF4B-00C04F79EFBC}") = "GroceryStoreInventory", "GroceryStoreInventory.csproj", "{AA068AC9-9E28-43B9-AF47-D28708DA0E1C}"
EndProject
Global
	GlobalSection(SolutionConfigurationPlatforms) = preSolution
		Debug|Any CPU = Debug|Any CPU
		Release|Any CPU = Release|Any CPU
	EndGlobalSection
	GlobalSection(ProjectConfigurationPlatforms) = postSolution
		{AA068AC9-9E28-43B9-AF47-D28708DA0E1C}.Debug|Any CPU.ActiveCfg = Debug|Any CPU
		{AA068AC9-9E28-43B9-AF47-D28708DA0E1C}.Debug|Any CPU.Build.0 = Debug|Any CPU
		{AA068AC9-9E28-43B9-AF47-D28708DA0E1C}.Release|Any CPU.ActiveCfg = Release|Any CPU
		{AA068AC9-9E28-43B9-AF47-D28708DA0E1C}.Release|Any CPU.Build.0 = Release|Any CPU
	EndGlobalSection
	GlobalSection(SolutionProperties) = preSolution
		HideSolutionNode = FALSE
	EndGlobalSection
	GlobalSection(ExtensibilityGlobals) = postSolution
		SolutionGuid = {C58A2FD0-7756-4532-8176-B573EC7C2299}
	EndGlobalSection
EndGlobal
